// !$*UTF8*$!
{
	archiveVersion = 1;
	classes = {
	};
	objectVersion = 45;
	objects = {

/* Begin PBXBuildFile section */
		08128F5F0FDC63C9004BD547 /* OutlineView.m in Sources */ = {isa = PBXBuildFile; fileRef = 08128F5E0FDC63C9004BD547 /* OutlineView.m */; };
		08141EEA0FCDA41A00F1AFF8 /* WedgeViewComponentTest.m in Sources */ = {isa = PBXBuildFile; fileRef = 08141EDF0FCDA3FB00F1AFF8 /* WedgeViewComponentTest.m */; };
		08141F000FCDAE1C00F1AFF8 /* WedgeViewComponent.m in Sources */ = {isa = PBXBuildFile; fileRef = 08655D880FCB176700AA1EF9 /* WedgeViewComponent.m */; };
		0833A6B90FC5B9BF00AA0064 /* MainViewController.m in Sources */ = {isa = PBXBuildFile; fileRef = 0833A6B80FC5B9BF00AA0064 /* MainViewController.m */; };
		0833A6BD0FC5BA3E00AA0064 /* OverlappingView.m in Sources */ = {isa = PBXBuildFile; fileRef = 0833A6BC0FC5BA3E00AA0064 /* OverlappingView.m */; };
		08655D7C0FCB159A00AA1EF9 /* InnerWedgeArcView.m in Sources */ = {isa = PBXBuildFile; fileRef = 08655D7B0FCB159A00AA1EF9 /* InnerWedgeArcView.m */; };
		08655D7F0FCB15A600AA1EF9 /* OuterWedgeArcView.m in Sources */ = {isa = PBXBuildFile; fileRef = 08655D7E0FCB15A600AA1EF9 /* OuterWedgeArcView.m */; };
		08655D820FCB15B600AA1EF9 /* DoubleRingArcView.m in Sources */ = {isa = PBXBuildFile; fileRef = 08655D810FCB15B600AA1EF9 /* DoubleRingArcView.m */; };
		08655D850FCB15C000AA1EF9 /* TripleRingArcView.m in Sources */ = {isa = PBXBuildFile; fileRef = 08655D840FCB15C000AA1EF9 /* TripleRingArcView.m */; };
		08655D890FCB176700AA1EF9 /* WedgeViewComponent.m in Sources */ = {isa = PBXBuildFile; fileRef = 08655D880FCB176700AA1EF9 /* WedgeViewComponent.m */; };
		088767230FC5EE400028D8AA /* WedgeView.m in Sources */ = {isa = PBXBuildFile; fileRef = 088767220FC5EE400028D8AA /* WedgeView.m */; };
		1D3623260D0F684500981E51 /* Overlapping_ViewsAppDelegate.m in Sources */ = {isa = PBXBuildFile; fileRef = 1D3623250D0F684500981E51 /* Overlapping_ViewsAppDelegate.m */; };
		1D60589B0D05DD56006BFB54 /* main.m in Sources */ = {isa = PBXBuildFile; fileRef = 29B97316FDCFA39411CA2CEA /* main.m */; };
		1D60589F0D05DD5A006BFB54 /* Foundation.framework in Frameworks */ = {isa = PBXBuildFile; fileRef = 1D30AB110D05D00D00671497 /* Foundation.framework */; };
		1DF5F4E00D08C38300B7A737 /* UIKit.framework in Frameworks */ = {isa = PBXBuildFile; fileRef = 1DF5F4DF0D08C38300B7A737 /* UIKit.framework */; };
		288765FD0DF74451002DB57D /* CoreGraphics.framework in Frameworks */ = {isa = PBXBuildFile; fileRef = 288765FC0DF74451002DB57D /* CoreGraphics.framework */; };
		28AD733F0D9D9553002E5188 /* MainWindow.xib in Resources */ = {isa = PBXBuildFile; fileRef = 28AD733E0D9D9553002E5188 /* MainWindow.xib */; };
/* End PBXBuildFile section */

/* Begin PBXFileReference section */
		08128F5D0FDC63C9004BD547 /* OutlineView.h */ = {isa = PBXFileReference; fileEncoding = 4; lastKnownFileType = sourcecode.c.h; path = OutlineView.h; sourceTree = "<group>"; };
		08128F5E0FDC63C9004BD547 /* OutlineView.m */ = {isa = PBXFileReference; fileEncoding = 4; lastKnownFileType = sourcecode.c.objc; path = OutlineView.m; sourceTree = "<group>"; };
		08141EDE0FCDA3FB00F1AFF8 /* WedgeViewComponentTest.h */ = {isa = PBXFileReference; fileEncoding = 4; lastKnownFileType = sourcecode.c.h; path = WedgeViewComponentTest.h; sourceTree = "<group>"; };
		08141EDF0FCDA3FB00F1AFF8 /* WedgeViewComponentTest.m */ = {isa = PBXFileReference; fileEncoding = 4; lastKnownFileType = sourcecode.c.objc; path = WedgeViewComponentTest.m; sourceTree = "<group>"; };
		08141EE50FCDA40C00F1AFF8 /* Tests.octest */ = {isa = PBXFileReference; explicitFileType = wrapper.cfbundle; includeInIndex = 0; path = Tests.octest; sourceTree = BUILT_PRODUCTS_DIR; };
		08141EE60FCDA40C00F1AFF8 /* Tests-Info.plist */ = {isa = PBXFileReference; lastKnownFileType = text.plist.xml; path = "Tests-Info.plist"; sourceTree = "<group>"; };
		0833A6B70FC5B9BF00AA0064 /* MainViewController.h */ = {isa = PBXFileReference; fileEncoding = 4; lastKnownFileType = sourcecode.c.h; path = MainViewController.h; sourceTree = "<group>"; };
		0833A6B80FC5B9BF00AA0064 /* MainViewController.m */ = {isa = PBXFileReference; fileEncoding = 4; lastKnownFileType = sourcecode.c.objc; path = MainViewController.m; sourceTree = "<group>"; };
		0833A6BB0FC5BA3E00AA0064 /* OverlappingView.h */ = {isa = PBXFileReference; fileEncoding = 4; lastKnownFileType = sourcecode.c.h; path = OverlappingView.h; sourceTree = "<group>"; };
		0833A6BC0FC5BA3E00AA0064 /* OverlappingView.m */ = {isa = PBXFileReference; fileEncoding = 4; lastKnownFileType = sourcecode.c.objc; path = OverlappingView.m; sourceTree = "<group>"; };
		08655D7A0FCB159A00AA1EF9 /* InnerWedgeArcView.h */ = {isa = PBXFileReference; fileEncoding = 4; lastKnownFileType = sourcecode.c.h; path = InnerWedgeArcView.h; sourceTree = "<group>"; };
		08655D7B0FCB159A00AA1EF9 /* InnerWedgeArcView.m */ = {isa = PBXFileReference; fileEncoding = 4; lastKnownFileType = sourcecode.c.objc; path = InnerWedgeArcView.m; sourceTree = "<group>"; };
		08655D7D0FCB15A600AA1EF9 /* OuterWedgeArcView.h */ = {isa = PBXFileReference; fileEncoding = 4; lastKnownFileType = sourcecode.c.h; path = OuterWedgeArcView.h; sourceTree = "<group>"; };
		08655D7E0FCB15A600AA1EF9 /* OuterWedgeArcView.m */ = {isa = PBXFileReference; fileEncoding = 4; lastKnownFileType = sourcecode.c.objc; path = OuterWedgeArcView.m; sourceTree = "<group>"; };
		08655D800FCB15B600AA1EF9 /* DoubleRingArcView.h */ = {isa = PBXFileReference; fileEncoding = 4; lastKnownFileType = sourcecode.c.h; path = DoubleRingArcView.h; sourceTree = "<group>"; };
		08655D810FCB15B600AA1EF9 /* DoubleRingArcView.m */ = {isa = PBXFileReference; fileEncoding = 4; lastKnownFileType = sourcecode.c.objc; path = DoubleRingArcView.m; sourceTree = "<group>"; };
		08655D830FCB15C000AA1EF9 /* TripleRingArcView.h */ = {isa = PBXFileReference; fileEncoding = 4; lastKnownFileType = sourcecode.c.h; path = TripleRingArcView.h; sourceTree = "<group>"; };
		08655D840FCB15C000AA1EF9 /* TripleRingArcView.m */ = {isa = PBXFileReference; fileEncoding = 4; lastKnownFileType = sourcecode.c.objc; path = TripleRingArcView.m; sourceTree = "<group>"; };
		08655D870FCB176700AA1EF9 /* WedgeViewComponent.h */ = {isa = PBXFileReference; fileEncoding = 4; lastKnownFileType = sourcecode.c.h; path = WedgeViewComponent.h; sourceTree = "<group>"; };
		08655D880FCB176700AA1EF9 /* WedgeViewComponent.m */ = {isa = PBXFileReference; fileEncoding = 4; lastKnownFileType = sourcecode.c.objc; path = WedgeViewComponent.m; sourceTree = "<group>"; };
		088767210FC5EE400028D8AA /* WedgeView.h */ = {isa = PBXFileReference; fileEncoding = 4; lastKnownFileType = sourcecode.c.h; path = WedgeView.h; sourceTree = "<group>"; };
		088767220FC5EE400028D8AA /* WedgeView.m */ = {isa = PBXFileReference; fileEncoding = 4; lastKnownFileType = sourcecode.c.objc; path = WedgeView.m; sourceTree = "<group>"; };
		1D30AB110D05D00D00671497 /* Foundation.framework */ = {isa = PBXFileReference; lastKnownFileType = wrapper.framework; name = Foundation.framework; path = System/Library/Frameworks/Foundation.framework; sourceTree = SDKROOT; };
		1D3623240D0F684500981E51 /* Overlapping_ViewsAppDelegate.h */ = {isa = PBXFileReference; fileEncoding = 4; lastKnownFileType = sourcecode.c.h; path = Overlapping_ViewsAppDelegate.h; sourceTree = "<group>"; };
		1D3623250D0F684500981E51 /* Overlapping_ViewsAppDelegate.m */ = {isa = PBXFileReference; fileEncoding = 4; lastKnownFileType = sourcecode.c.objc; path = Overlapping_ViewsAppDelegate.m; sourceTree = "<group>"; };
		1D6058910D05DD3D006BFB54 /* Overlapping Views.app */ = {isa = PBXFileReference; explicitFileType = wrapper.application; includeInIndex = 0; path = "Overlapping Views.app"; sourceTree = BUILT_PRODUCTS_DIR; };
		1DF5F4DF0D08C38300B7A737 /* UIKit.framework */ = {isa = PBXFileReference; lastKnownFileType = wrapper.framework; name = UIKit.framework; path = System/Library/Frameworks/UIKit.framework; sourceTree = SDKROOT; };
		288765FC0DF74451002DB57D /* CoreGraphics.framework */ = {isa = PBXFileReference; lastKnownFileType = wrapper.framework; name = CoreGraphics.framework; path = System/Library/Frameworks/CoreGraphics.framework; sourceTree = SDKROOT; };
		28AD733E0D9D9553002E5188 /* MainWindow.xib */ = {isa = PBXFileReference; lastKnownFileType = file.xib; path = MainWindow.xib; sourceTree = "<group>"; };
		29B97316FDCFA39411CA2CEA /* main.m */ = {isa = PBXFileReference; fileEncoding = 4; lastKnownFileType = sourcecode.c.objc; path = main.m; sourceTree = "<group>"; };
		32CA4F630368D1EE00C91783 /* Overlapping_Views_Prefix.pch */ = {isa = PBXFileReference; fileEncoding = 4; lastKnownFileType = sourcecode.c.h; path = Overlapping_Views_Prefix.pch; sourceTree = "<group>"; };
		8D1107310486CEB800E47090 /* Overlapping_Views-Info.plist */ = {isa = PBXFileReference; fileEncoding = 4; lastKnownFileType = text.plist.xml; path = "Overlapping_Views-Info.plist"; plistStructureDefinitionIdentifier = "com.apple.xcode.plist.structure-definition.iphone.info-plist"; sourceTree = "<group>"; };
/* End PBXFileReference section */

/* Begin PBXFrameworksBuildPhase section */
		08141EE20FCDA40C00F1AFF8 /* Frameworks */ = {
			isa = PBXFrameworksBuildPhase;
			buildActionMask = 2147483647;
			files = (
			);
			runOnlyForDeploymentPostprocessing = 0;
		};
		1D60588F0D05DD3D006BFB54 /* Frameworks */ = {
			isa = PBXFrameworksBuildPhase;
			buildActionMask = 2147483647;
			files = (
				1D60589F0D05DD5A006BFB54 /* Foundation.framework in Frameworks */,
				1DF5F4E00D08C38300B7A737 /* UIKit.framework in Frameworks */,
				288765FD0DF74451002DB57D /* CoreGraphics.framework in Frameworks */,
			);
			runOnlyForDeploymentPostprocessing = 0;
		};
/* End PBXFrameworksBuildPhase section */

/* Begin PBXGroup section */
		080E96DDFE201D6D7F000001 /* Classes */ = {
			isa = PBXGroup;
			children = (
				1D3623240D0F684500981E51 /* Overlapping_ViewsAppDelegate.h */,
				1D3623250D0F684500981E51 /* Overlapping_ViewsAppDelegate.m */,
				0833A6B70FC5B9BF00AA0064 /* MainViewController.h */,
				0833A6B80FC5B9BF00AA0064 /* MainViewController.m */,
				0833A6BB0FC5BA3E00AA0064 /* OverlappingView.h */,
				0833A6BC0FC5BA3E00AA0064 /* OverlappingView.m */,
				088767210FC5EE400028D8AA /* WedgeView.h */,
				088767220FC5EE400028D8AA /* WedgeView.m */,
				08655D7A0FCB159A00AA1EF9 /* InnerWedgeArcView.h */,
				08655D7B0FCB159A00AA1EF9 /* InnerWedgeArcView.m */,
				08655D7D0FCB15A600AA1EF9 /* OuterWedgeArcView.h */,
				08655D7E0FCB15A600AA1EF9 /* OuterWedgeArcView.m */,
				08655D800FCB15B600AA1EF9 /* DoubleRingArcView.h */,
				08655D810FCB15B600AA1EF9 /* DoubleRingArcView.m */,
				08655D830FCB15C000AA1EF9 /* TripleRingArcView.h */,
				08655D840FCB15C000AA1EF9 /* TripleRingArcView.m */,
				08655D870FCB176700AA1EF9 /* WedgeViewComponent.h */,
				08655D880FCB176700AA1EF9 /* WedgeViewComponent.m */,
				08128F5D0FDC63C9004BD547 /* OutlineView.h */,
				08128F5E0FDC63C9004BD547 /* OutlineView.m */,
			);
			path = Classes;
			sourceTree = "<group>";
		};
		08141ED60FCDA3A100F1AFF8 /* Tests */ = {
			isa = PBXGroup;
			children = (
				08141EDE0FCDA3FB00F1AFF8 /* WedgeViewComponentTest.h */,
				08141EDF0FCDA3FB00F1AFF8 /* WedgeViewComponentTest.m */,
			);
			path = Tests;
			sourceTree = "<group>";
		};
		19C28FACFE9D520D11CA2CBB /* Products */ = {
			isa = PBXGroup;
			children = (
				1D6058910D05DD3D006BFB54 /* Overlapping Views.app */,
				08141EE50FCDA40C00F1AFF8 /* Tests.octest */,
			);
			name = Products;
			sourceTree = "<group>";
		};
		29B97314FDCFA39411CA2CEA /* CustomTemplate */ = {
			isa = PBXGroup;
			children = (
				080E96DDFE201D6D7F000001 /* Classes */,
				29B97315FDCFA39411CA2CEA /* Other Sources */,
				08141ED60FCDA3A100F1AFF8 /* Tests */,
				29B97317FDCFA39411CA2CEA /* Resources */,
				29B97323FDCFA39411CA2CEA /* Frameworks */,
				19C28FACFE9D520D11CA2CBB /* Products */,
				08141EE60FCDA40C00F1AFF8 /* Tests-Info.plist */,
			);
			name = CustomTemplate;
			sourceTree = "<group>";
		};
		29B97315FDCFA39411CA2CEA /* Other Sources */ = {
			isa = PBXGroup;
			children = (
				32CA4F630368D1EE00C91783 /* Overlapping_Views_Prefix.pch */,
				29B97316FDCFA39411CA2CEA /* main.m */,
			);
			name = "Other Sources";
			sourceTree = "<group>";
		};
		29B97317FDCFA39411CA2CEA /* Resources */ = {
			isa = PBXGroup;
			children = (
				28AD733E0D9D9553002E5188 /* MainWindow.xib */,
				8D1107310486CEB800E47090 /* Overlapping_Views-Info.plist */,
			);
			name = Resources;
			sourceTree = "<group>";
		};
		29B97323FDCFA39411CA2CEA /* Frameworks */ = {
			isa = PBXGroup;
			children = (
				1DF5F4DF0D08C38300B7A737 /* UIKit.framework */,
				1D30AB110D05D00D00671497 /* Foundation.framework */,
				288765FC0DF74451002DB57D /* CoreGraphics.framework */,
			);
			name = Frameworks;
			sourceTree = "<group>";
		};
/* End PBXGroup section */

/* Begin PBXNativeTarget section */
		08141EE40FCDA40C00F1AFF8 /* Tests */ = {
			isa = PBXNativeTarget;
			buildConfigurationList = 08141EE90FCDA40E00F1AFF8 /* Build configuration list for PBXNativeTarget "Tests" */;
			buildPhases = (
				08141EE00FCDA40C00F1AFF8 /* Resources */,
				08141EE10FCDA40C00F1AFF8 /* Sources */,
				08141EE20FCDA40C00F1AFF8 /* Frameworks */,
				08141EE30FCDA40C00F1AFF8 /* ShellScript */,
			);
			buildRules = (
			);
			dependencies = (
			);
			name = Tests;
			productName = Tests;
			productReference = 08141EE50FCDA40C00F1AFF8 /* Tests.octest */;
			productType = "com.apple.product-type.bundle";
		};
		1D6058900D05DD3D006BFB54 /* Overlapping Views */ = {
			isa = PBXNativeTarget;
			buildConfigurationList = 1D6058960D05DD3E006BFB54 /* Build configuration list for PBXNativeTarget "Overlapping Views" */;
			buildPhases = (
				1D60588D0D05DD3D006BFB54 /* Resources */,
				1D60588E0D05DD3D006BFB54 /* Sources */,
				1D60588F0D05DD3D006BFB54 /* Frameworks */,
			);
			buildRules = (
			);
			dependencies = (
			);
			name = "Overlapping Views";
			productName = "Overlapping Views";
			productReference = 1D6058910D05DD3D006BFB54 /* Overlapping Views.app */;
			productType = "com.apple.product-type.application";
		};
/* End PBXNativeTarget section */

/* Begin PBXProject section */
		29B97313FDCFA39411CA2CEA /* Project object */ = {
			isa = PBXProject;
			buildConfigurationList = C01FCF4E08A954540054247B /* Build configuration list for PBXProject "Overlapping Views" */;
			compatibilityVersion = "Xcode 3.1";
			hasScannedForEncodings = 1;
			mainGroup = 29B97314FDCFA39411CA2CEA /* CustomTemplate */;
			projectDirPath = "";
			projectRoot = "";
			targets = (
				1D6058900D05DD3D006BFB54 /* Overlapping Views */,
				08141EE40FCDA40C00F1AFF8 /* Tests */,
			);
		};
/* End PBXProject section */

/* Begin PBXResourcesBuildPhase section */
		08141EE00FCDA40C00F1AFF8 /* Resources */ = {
			isa = PBXResourcesBuildPhase;
			buildActionMask = 2147483647;
			files = (
			);
			runOnlyForDeploymentPostprocessing = 0;
		};
		1D60588D0D05DD3D006BFB54 /* Resources */ = {
			isa = PBXResourcesBuildPhase;
			buildActionMask = 2147483647;
			files = (
				28AD733F0D9D9553002E5188 /* MainWindow.xib in Resources */,
			);
			runOnlyForDeploymentPostprocessing = 0;
		};
/* End PBXResourcesBuildPhase section */

/* Begin PBXShellScriptBuildPhase section */
		08141EE30FCDA40C00F1AFF8 /* ShellScript */ = {
			isa = PBXShellScriptBuildPhase;
			buildActionMask = 2147483647;
			files = (
			);
			inputPaths = (
			);
			outputPaths = (
			);
			runOnlyForDeploymentPostprocessing = 0;
			shellPath = /bin/sh;
			shellScript = "# Run the unit tests in this test bundle.\n\"${SYSTEM_DEVELOPER_DIR}/Tools/RunUnitTests\"\n";
		};
/* End PBXShellScriptBuildPhase section */

/* Begin PBXSourcesBuildPhase section */
		08141EE10FCDA40C00F1AFF8 /* Sources */ = {
			isa = PBXSourcesBuildPhase;
			buildActionMask = 2147483647;
			files = (
				08141EEA0FCDA41A00F1AFF8 /* WedgeViewComponentTest.m in Sources */,
				08141F000FCDAE1C00F1AFF8 /* WedgeViewComponent.m in Sources */,
			);
			runOnlyForDeploymentPostprocessing = 0;
		};
		1D60588E0D05DD3D006BFB54 /* Sources */ = {
			isa = PBXSourcesBuildPhase;
			buildActionMask = 2147483647;
			files = (
				1D60589B0D05DD56006BFB54 /* main.m in Sources */,
				1D3623260D0F684500981E51 /* Overlapping_ViewsAppDelegate.m in Sources */,
				0833A6B90FC5B9BF00AA0064 /* MainViewController.m in Sources */,
				0833A6BD0FC5BA3E00AA0064 /* OverlappingView.m in Sources */,
				088767230FC5EE400028D8AA /* WedgeView.m in Sources */,
				08655D7C0FCB159A00AA1EF9 /* InnerWedgeArcView.m in Sources */,
				08655D7F0FCB15A600AA1EF9 /* OuterWedgeArcView.m in Sources */,
				08655D820FCB15B600AA1EF9 /* DoubleRingArcView.m in Sources */,
				08655D850FCB15C000AA1EF9 /* TripleRingArcView.m in Sources */,
				08655D890FCB176700AA1EF9 /* WedgeViewComponent.m in Sources */,
				08128F5F0FDC63C9004BD547 /* OutlineView.m in Sources */,
			);
			runOnlyForDeploymentPostprocessing = 0;
		};
/* End PBXSourcesBuildPhase section */

/* Begin XCBuildConfiguration section */
		08141EE70FCDA40E00F1AFF8 /* Debug */ = {
			isa = XCBuildConfiguration;
			buildSettings = {
				ALWAYS_SEARCH_USER_PATHS = NO;
				COPY_PHASE_STRIP = NO;
				FRAMEWORK_SEARCH_PATHS = "$(DEVELOPER_LIBRARY_DIR)/Frameworks";
				GCC_DYNAMIC_NO_PIC = NO;
				GCC_ENABLE_FIX_AND_CONTINUE = NO;
				GCC_ENABLE_OBJC_EXCEPTIONS = YES;
				GCC_OPTIMIZATION_LEVEL = 0;
				GCC_PRECOMPILE_PREFIX_HEADER = YES;
				GCC_PREFIX_HEADER = Overlapping_Views_Prefix.pch;
				INFOPLIST_FILE = "Tests-Info.plist";
				OTHER_LDFLAGS = (
					"-framework",
					Foundation,
					"-framework",
					SenTestingKit,
					"-framework",
					UIKit,
					"-framework",
					CoreGraphics,
				);
				PREBINDING = NO;
				PRODUCT_NAME = Tests;
				WRAPPER_EXTENSION = octest;
			};
			name = Debug;
		};
		08141EE80FCDA40E00F1AFF8 /* Release */ = {
			isa = XCBuildConfiguration;
			buildSettings = {
				ALWAYS_SEARCH_USER_PATHS = NO;
				COPY_PHASE_STRIP = YES;
				DEBUG_INFORMATION_FORMAT = "dwarf-with-dsym";
				FRAMEWORK_SEARCH_PATHS = "$(DEVELOPER_LIBRARY_DIR)/Frameworks";
				GCC_ENABLE_FIX_AND_CONTINUE = NO;
				GCC_ENABLE_OBJC_EXCEPTIONS = YES;
				GCC_PRECOMPILE_PREFIX_HEADER = YES;
				GCC_PREFIX_HEADER = Overlapping_Views_Prefix.pch;
				INFOPLIST_FILE = "Tests-Info.plist";
				OTHER_LDFLAGS = (
					"-framework",
					Foundation,
					"-framework",
					SenTestingKit,
					"-framework",
					UIKit,
					"-framework",
					CoreGraphics,
				);
				PREBINDING = NO;
				PRODUCT_NAME = Tests;
				WRAPPER_EXTENSION = octest;
				ZERO_LINK = NO;
			};
			name = Release;
		};
		1D6058940D05DD3E006BFB54 /* Debug */ = {
			isa = XCBuildConfiguration;
			buildSettings = {
				ALWAYS_SEARCH_USER_PATHS = NO;
				COPY_PHASE_STRIP = NO;
				GCC_DYNAMIC_NO_PIC = NO;
				GCC_OPTIMIZATION_LEVEL = 0;
				GCC_PRECOMPILE_PREFIX_HEADER = YES;
				GCC_PREFIX_HEADER = Overlapping_Views_Prefix.pch;
				INFOPLIST_FILE = "Overlapping_Views-Info.plist";
				PRODUCT_NAME = "Overlapping Views";
			};
			name = Debug;
		};
		1D6058950D05DD3E006BFB54 /* Release */ = {
			isa = XCBuildConfiguration;
			buildSettings = {
				ALWAYS_SEARCH_USER_PATHS = NO;
				COPY_PHASE_STRIP = YES;
				GCC_PRECOMPILE_PREFIX_HEADER = YES;
				GCC_PREFIX_HEADER = Overlapping_Views_Prefix.pch;
				INFOPLIST_FILE = "Overlapping_Views-Info.plist";
				PRODUCT_NAME = "Overlapping Views";
			};
			name = Release;
		};
		C01FCF4F08A954540054247B /* Debug */ = {
			isa = XCBuildConfiguration;
			buildSettings = {
				ARCHS = "$(ARCHS_STANDARD_32_BIT)";
				"CODE_SIGN_IDENTITY[sdk=iphoneos*]" = "iPhone Developer";
				GCC_C_LANGUAGE_STANDARD = c99;
				GCC_WARN_ABOUT_RETURN_TYPE = YES;
				GCC_WARN_UNUSED_VARIABLE = YES;
				ONLY_ACTIVE_ARCH = YES;
				PREBINDING = NO;
				SDKROOT = iphoneos3.0;
			};
			name = Debug;
		};
		C01FCF5008A954540054247B /* Release */ = {
			isa = XCBuildConfiguration;
			buildSettings = {
				ARCHS = "$(ARCHS_STANDARD_32_BIT)";
				"CODE_SIGN_IDENTITY[sdk=iphoneos*]" = "iPhone Developer";
				GCC_C_LANGUAGE_STANDARD = c99;
				GCC_WARN_ABOUT_RETURN_TYPE = YES;
				GCC_WARN_UNUSED_VARIABLE = YES;
				PREBINDING = NO;
				SDKROOT = iphoneos3.0;
			};
			name = Release;
		};
/* End XCBuildConfiguration section */

/* Begin XCConfigurationList section */
		08141EE90FCDA40E00F1AFF8 /* Build configuration list for PBXNativeTarget "Tests" */ = {
			isa = XCConfigurationList;
			buildConfigurations = (
				08141EE70FCDA40E00F1AFF8 /* Debug */,
				08141EE80FCDA40E00F1AFF8 /* Release */,
			);
			defaultConfigurationIsVisible = 0;
			defaultConfigurationName = Release;
		};
		1D6058960D05DD3E006BFB54 /* Build configuration list for PBXNativeTarget "Overlapping Views" */ = {
			isa = XCConfigurationList;
			buildConfigurations = (
				1D6058940D05DD3E006BFB54 /* Debug */,
				1D6058950D05DD3E006BFB54 /* Release */,
			);
			defaultConfigurationIsVisible = 0;
			defaultConfigurationName = Release;
		};
		C01FCF4E08A954540054247B /* Build configuration list for PBXProject "Overlapping Views" */ = {
			isa = XCConfigurationList;
			buildConfigurations = (
				C01FCF4F08A954540054247B /* Debug */,
				C01FCF5008A954540054247B /* Release */,
			);
			defaultConfigurationIsVisible = 0;
			defaultConfigurationName = Release;
		};
/* End XCConfigurationList section */
	};
	rootObject = 29B97313FDCFA39411CA2CEA /* Project object */;
}
